
Microsoft Visual Studio Solution File, Format Version 12.00
# Visual Studio Version 16
VisualStudioVersion = 16.0.30709.132
MinimumVisualStudioVersion = 10.0.40219.1
Project("{FAE04EC0-301F-11D3-BF4B-00C04F79EFBC}") = "SoupBot", "SoupBot\SoupBot.csproj", "{B194C3A4-276B-4C99-98E1-26927B5DB19D}"
EndProject
Global
	GlobalSection(SolutionConfigurationPlatforms) = preSolution
		Debug|Any CPU = Debug|Any CPU
		Release|Any CPU = Release|Any CPU
	EndGlobalSection
	GlobalSection(ProjectConfigurationPlatforms) = postSolution
		{B194C3A4-276B-4C99-98E1-26927B5DB19D}.Debug|Any CPU.ActiveCfg = Debug|Any CPU
		{B194C3A4-276B-4C99-98E1-26927B5DB19D}.Debug|Any CPU.Build.0 = Debug|Any CPU
		{B194C3A4-276B-4C99-98E1-26927B5DB19D}.Release|Any CPU.ActiveCfg = Release|Any CPU
		{B194C3A4-276B-4C99-98E1-26927B5DB19D}.Release|Any CPU.Build.0 = Release|Any CPU
	EndGlobalSection
	GlobalSection(SolutionProperties) = preSolution
		HideSolutionNode = FALSE
	EndGlobalSection
	GlobalSection(ExtensibilityGlobals) = postSolution
		SolutionGuid = {BE1207C8-CAB5-49F1-9CCA-2B97FE602802}
	EndGlobalSection
EndGlobal
